// !$*UTF8*$!
{
	archiveVersion = 1;
	classes = {
	};
	objectVersion = 46;
	objects = {

/* Begin PBXBuildFile section */
		4C7F5DBA1A477A8E00909DF5 /* main.m in Sources */ = {isa = PBXBuildFile; fileRef = 4C7F5DB91A477A8E00909DF5 /* main.m */; };
		4C7F5DBD1A477A8E00909DF5 /* AppDelegate.m in Sources */ = {isa = PBXBuildFile; fileRef = 4C7F5DBC1A477A8E00909DF5 /* AppDelegate.m */; };
		4C7F5DC01A477A8E00909DF5 /* StudyBranch.xcdatamodeld in Sources */ = {isa = PBXBuildFile; fileRef = 4C7F5DBE1A477A8E00909DF5 /* StudyBranch.xcdatamodeld */; };
		4C7F5DC31A477A8E00909DF5 /* MasterViewController.m in Sources */ = {isa = PBXBuildFile; fileRef = 4C7F5DC21A477A8E00909DF5 /* MasterViewController.m */; };
		4C7F5DC61A477A8E00909DF5 /* DetailViewController.m in Sources */ = {isa = PBXBuildFile; fileRef = 4C7F5DC51A477A8E00909DF5 /* DetailViewController.m */; };
		4C7F5DC91A477A8E00909DF5 /* Main.storyboard in Resources */ = {isa = PBXBuildFile; fileRef = 4C7F5DC71A477A8E00909DF5 /* Main.storyboard */; };
		4C7F5DCB1A477A8E00909DF5 /* Images.xcassets in Resources */ = {isa = PBXBuildFile; fileRef = 4C7F5DCA1A477A8E00909DF5 /* Images.xcassets */; };
		4C7F5DCE1A477A8E00909DF5 /* LaunchScreen.xib in Resources */ = {isa = PBXBuildFile; fileRef = 4C7F5DCC1A477A8E00909DF5 /* LaunchScreen.xib */; };
		4C7F5DDA1A477A8E00909DF5 /* StudyBranchTests.m in Sources */ = {isa = PBXBuildFile; fileRef = 4C7F5DD91A477A8E00909DF5 /* StudyBranchTests.m */; };
/* End PBXBuildFile section */

/* Begin PBXContainerItemProxy section */
		4C7F5DD41A477A8E00909DF5 /* PBXContainerItemProxy */ = {
			isa = PBXContainerItemProxy;
			containerPortal = 4C7F5DAC1A477A8E00909DF5 /* Project object */;
			proxyType = 1;
			remoteGlobalIDString = 4C7F5DB31A477A8E00909DF5;
			remoteInfo = StudyBranch;
		};
/* End PBXContainerItemProxy section */

/* Begin PBXFileReference section */
		4C7F5DB41A477A8E00909DF5 /* StudyBranch.app */ = {isa = PBXFileReference; explicitFileType = wrapper.application; includeInIndex = 0; path = StudyBranch.app; sourceTree = BUILT_PRODUCTS_DIR; };
		4C7F5DB81A477A8E00909DF5 /* Info.plist */ = {isa = PBXFileReference; lastKnownFileType = text.plist.xml; path = Info.plist; sourceTree = "<group>"; };
		4C7F5DB91A477A8E00909DF5 /* main.m */ = {isa = PBXFileReference; lastKnownFileType = sourcecode.c.objc; path = main.m; sourceTree = "<group>"; };
		4C7F5DBB1A477A8E00909DF5 /* AppDelegate.h */ = {isa = PBXFileReference; lastKnownFileType = sourcecode.c.h; path = AppDelegate.h; sourceTree = "<group>"; };
		4C7F5DBC1A477A8E00909DF5 /* AppDelegate.m */ = {isa = PBXFileReference; lastKnownFileType = sourcecode.c.objc; path = AppDelegate.m; sourceTree = "<group>"; };
		4C7F5DBF1A477A8E00909DF5 /* StudyBranch.xcdatamodel */ = {isa = PBXFileReference; lastKnownFileType = wrapper.xcdatamodel; path = StudyBranch.xcdatamodel; sourceTree = "<group>"; };
		4C7F5DC11A477A8E00909DF5 /* MasterViewController.h */ = {isa = PBXFileReference; lastKnownFileType = sourcecode.c.h; path = MasterViewController.h; sourceTree = "<group>"; };
		4C7F5DC21A477A8E00909DF5 /* MasterViewController.m */ = {isa = PBXFileReference; lastKnownFileType = sourcecode.c.objc; path = MasterViewController.m; sourceTree = "<group>"; };
		4C7F5DC41A477A8E00909DF5 /* DetailViewController.h */ = {isa = PBXFileReference; lastKnownFileType = sourcecode.c.h; path = DetailViewController.h; sourceTree = "<group>"; };
		4C7F5DC51A477A8E00909DF5 /* DetailViewController.m */ = {isa = PBXFileReference; lastKnownFileType = sourcecode.c.objc; path = DetailViewController.m; sourceTree = "<group>"; };
		4C7F5DC81A477A8E00909DF5 /* Base */ = {isa = PBXFileReference; lastKnownFileType = file.storyboard; name = Base; path = Base.lproj/Main.storyboard; sourceTree = "<group>"; };
		4C7F5DCA1A477A8E00909DF5 /* Images.xcassets */ = {isa = PBXFileReference; lastKnownFileType = folder.assetcatalog; path = Images.xcassets; sourceTree = "<group>"; };
		4C7F5DCD1A477A8E00909DF5 /* Base */ = {isa = PBXFileReference; lastKnownFileType = file.xib; name = Base; path = Base.lproj/LaunchScreen.xib; sourceTree = "<group>"; };
		4C7F5DD31A477A8E00909DF5 /* StudyBranchTests.xctest */ = {isa = PBXFileReference; explicitFileType = wrapper.cfbundle; includeInIndex = 0; path = StudyBranchTests.xctest; sourceTree = BUILT_PRODUCTS_DIR; };
		4C7F5DD81A477A8E00909DF5 /* Info.plist */ = {isa = PBXFileReference; lastKnownFileType = text.plist.xml; path = Info.plist; sourceTree = "<group>"; };
		4C7F5DD91A477A8E00909DF5 /* StudyBranchTests.m */ = {isa = PBXFileReference; lastKnownFileType = sourcecode.c.objc; path = StudyBranchTests.m; sourceTree = "<group>"; };
/* End PBXFileReference section */

/* Begin PBXFrameworksBuildPhase section */
		4C7F5DB11A477A8E00909DF5 /* Frameworks */ = {
			isa = PBXFrameworksBuildPhase;
			buildActionMask = 2147483647;
			files = (
			);
			runOnlyForDeploymentPostprocessing = 0;
		};
		4C7F5DD01A477A8E00909DF5 /* Frameworks */ = {
			isa = PBXFrameworksBuildPhase;
			buildActionMask = 2147483647;
			files = (
			);
			runOnlyForDeploymentPostprocessing = 0;
		};
/* End PBXFrameworksBuildPhase section */

/* Begin PBXGroup section */
		4C7F5DAB1A477A8E00909DF5 = {
			isa = PBXGroup;
			children = (
				4C7F5DB61A477A8E00909DF5 /* StudyBranch */,
				4C7F5DD61A477A8E00909DF5 /* StudyBranchTests */,
				4C7F5DB51A477A8E00909DF5 /* Products */,
			);
			sourceTree = "<group>";
		};
		4C7F5DB51A477A8E00909DF5 /* Products */ = {
			isa = PBXGroup;
			children = (
				4C7F5DB41A477A8E00909DF5 /* StudyBranch.app */,
				4C7F5DD31A477A8E00909DF5 /* StudyBranchTests.xctest */,
			);
			name = Products;
			sourceTree = "<group>";
		};
		4C7F5DB61A477A8E00909DF5 /* StudyBranch */ = {
			isa = PBXGroup;
			children = (
				4C7F5DBB1A477A8E00909DF5 /* AppDelegate.h */,
				4C7F5DBC1A477A8E00909DF5 /* AppDelegate.m */,
				4C7F5DC11A477A8E00909DF5 /* MasterViewController.h */,
				4C7F5DC21A477A8E00909DF5 /* MasterViewController.m */,
				4C7F5DC41A477A8E00909DF5 /* DetailViewController.h */,
				4C7F5DC51A477A8E00909DF5 /* DetailViewController.m */,
				4C7F5DC71A477A8E00909DF5 /* Main.storyboard */,
				4C7F5DCA1A477A8E00909DF5 /* Images.xcassets */,
				4C7F5DCC1A477A8E00909DF5 /* LaunchScreen.xib */,
				4C7F5DBE1A477A8E00909DF5 /* StudyBranch.xcdatamodeld */,
				4C7F5DB71A477A8E00909DF5 /* Supporting Files */,
			);
			path = StudyBranch;
			sourceTree = "<group>";
		};
		4C7F5DB71A477A8E00909DF5 /* Supporting Files */ = {
			isa = PBXGroup;
			children = (
				4C7F5DB81A477A8E00909DF5 /* Info.plist */,
				4C7F5DB91A477A8E00909DF5 /* main.m */,
			);
			name = "Supporting Files";
			sourceTree = "<group>";
		};
		4C7F5DD61A477A8E00909DF5 /* StudyBranchTests */ = {
			isa = PBXGroup;
			children = (
				4C7F5DD91A477A8E00909DF5 /* StudyBranchTests.m */,
				4C7F5DD71A477A8E00909DF5 /* Supporting Files */,
			);
			path = StudyBranchTests;
			sourceTree = "<group>";
		};
		4C7F5DD71A477A8E00909DF5 /* Supporting Files */ = {
			isa = PBXGroup;
			children = (
				4C7F5DD81A477A8E00909DF5 /* Info.plist */,
			);
			name = "Supporting Files";
			sourceTree = "<group>";
		};
/* End PBXGroup section */

/* Begin PBXNativeTarget section */
		4C7F5DB31A477A8E00909DF5 /* StudyBranch */ = {
			isa = PBXNativeTarget;
			buildConfigurationList = 4C7F5DDD1A477A8E00909DF5 /* Build configuration list for PBXNativeTarget "StudyBranch" */;
			buildPhases = (
				4C7F5DB01A477A8E00909DF5 /* Sources */,
				4C7F5DB11A477A8E00909DF5 /* Frameworks */,
				4C7F5DB21A477A8E00909DF5 /* Resources */,
			);
			buildRules = (
			);
			dependencies = (
			);
			name = StudyBranch;
			productName = StudyBranch;
			productReference = 4C7F5DB41A477A8E00909DF5 /* StudyBranch.app */;
			productType = "com.apple.product-type.application";
		};
		4C7F5DD21A477A8E00909DF5 /* StudyBranchTests */ = {
			isa = PBXNativeTarget;
			buildConfigurationList = 4C7F5DE01A477A8E00909DF5 /* Build configuration list for PBXNativeTarget "StudyBranchTests" */;
			buildPhases = (
				4C7F5DCF1A477A8E00909DF5 /* Sources */,
				4C7F5DD01A477A8E00909DF5 /* Frameworks */,
				4C7F5DD11A477A8E00909DF5 /* Resources */,
			);
			buildRules = (
			);
			dependencies = (
				4C7F5DD51A477A8E00909DF5 /* PBXTargetDependency */,
			);
			name = StudyBranchTests;
			productName = StudyBranchTests;
			productReference = 4C7F5DD31A477A8E00909DF5 /* StudyBranchTests.xctest */;
			productType = "com.apple.product-type.bundle.unit-test";
		};
/* End PBXNativeTarget section */

/* Begin PBXProject section */
		4C7F5DAC1A477A8E00909DF5 /* Project object */ = {
			isa = PBXProject;
			attributes = {
				LastUpgradeCheck = 0610;
				ORGANIZATIONNAME = "Michael Latman";
				TargetAttributes = {
					4C7F5DB31A477A8E00909DF5 = {
						CreatedOnToolsVersion = 6.1.1;
					};
					4C7F5DD21A477A8E00909DF5 = {
						CreatedOnToolsVersion = 6.1.1;
						TestTargetID = 4C7F5DB31A477A8E00909DF5;
					};
				};
			};
			buildConfigurationList = 4C7F5DAF1A477A8E00909DF5 /* Build configuration list for PBXProject "StudyBranch" */;
			compatibilityVersion = "Xcode 3.2";
			developmentRegion = English;
			hasScannedForEncodings = 0;
			knownRegions = (
				en,
				Base,
			);
			mainGroup = 4C7F5DAB1A477A8E00909DF5;
			productRefGroup = 4C7F5DB51A477A8E00909DF5 /* Products */;
			projectDirPath = "";
			projectRoot = "";
			targets = (
				4C7F5DB31A477A8E00909DF5 /* StudyBranch */,
				4C7F5DD21A477A8E00909DF5 /* StudyBranchTests */,
			);
		};
/* End PBXProject section */

/* Begin PBXResourcesBuildPhase section */
		4C7F5DB21A477A8E00909DF5 /* Resources */ = {
			isa = PBXResourcesBuildPhase;
			buildActionMask = 2147483647;
			files = (
				4C7F5DC91A477A8E00909DF5 /* Main.storyboard in Resources */,
				4C7F5DCE1A477A8E00909DF5 /* LaunchScreen.xib in Resources */,
				4C7F5DCB1A477A8E00909DF5 /* Images.xcassets in Resources */,
			);
			runOnlyForDeploymentPostprocessing = 0;
		};
		4C7F5DD11A477A8E00909DF5 /* Resources */ = {
			isa = PBXResourcesBuildPhase;
			buildActionMask = 2147483647;
			files = (
			);
			runOnlyForDeploymentPostprocessing = 0;
		};
/* End PBXResourcesBuildPhase section */

/* Begin PBXSourcesBuildPhase section */
		4C7F5DB01A477A8E00909DF5 /* Sources */ = {
			isa = PBXSourcesBuildPhase;
			buildActionMask = 2147483647;
			files = (
				4C7F5DC61A477A8E00909DF5 /* DetailViewController.m in Sources */,
				4C7F5DC31A477A8E00909DF5 /* MasterViewController.m in Sources */,
				4C7F5DBD1A477A8E00909DF5 /* AppDelegate.m in Sources */,
				4C7F5DC01A477A8E00909DF5 /* StudyBranch.xcdatamodeld in Sources */,
				4C7F5DBA1A477A8E00909DF5 /* main.m in Sources */,
			);
			runOnlyForDeploymentPostprocessing = 0;
		};
		4C7F5DCF1A477A8E00909DF5 /* Sources */ = {
			isa = PBXSourcesBuildPhase;
			buildActionMask = 2147483647;
			files = (
				4C7F5DDA1A477A8E00909DF5 /* StudyBranchTests.m in Sources */,
			);
			runOnlyForDeploymentPostprocessing = 0;
		};
/* End PBXSourcesBuildPhase section */

/* Begin PBXTargetDependency section */
		4C7F5DD51A477A8E00909DF5 /* PBXTargetDependency */ = {
			isa = PBXTargetDependency;
			target = 4C7F5DB31A477A8E00909DF5 /* StudyBranch */;
			targetProxy = 4C7F5DD41A477A8E00909DF5 /* PBXContainerItemProxy */;
		};
/* End PBXTargetDependency section */

/* Begin PBXVariantGroup section */
		4C7F5DC71A477A8E00909DF5 /* Main.storyboard */ = {
			isa = PBXVariantGroup;
			children = (
				4C7F5DC81A477A8E00909DF5 /* Base */,
			);
			name = Main.storyboard;
			sourceTree = "<group>";
		};
		4C7F5DCC1A477A8E00909DF5 /* LaunchScreen.xib */ = {
			isa = PBXVariantGroup;
			children = (
				4C7F5DCD1A477A8E00909DF5 /* Base */,
			);
			name = LaunchScreen.xib;
			sourceTree = "<group>";
		};
/* End PBXVariantGroup section */

/* Begin XCBuildConfiguration section */
		4C7F5DDB1A477A8E00909DF5 /* Debug */ = {
			isa = XCBuildConfiguration;
			buildSettings = {
				ALWAYS_SEARCH_USER_PATHS = NO;
				CLANG_CXX_LANGUAGE_STANDARD = "gnu++0x";
				CLANG_CXX_LIBRARY = "libc++";
				CLANG_ENABLE_MODULES = YES;
				CLANG_ENABLE_OBJC_ARC = YES;
				CLANG_WARN_BOOL_CONVERSION = YES;
				CLANG_WARN_CONSTANT_CONVERSION = YES;
				CLANG_WARN_DIRECT_OBJC_ISA_USAGE = YES_ERROR;
				CLANG_WARN_EMPTY_BODY = YES;
				CLANG_WARN_ENUM_CONVERSION = YES;
				CLANG_WARN_INT_CONVERSION = YES;
				CLANG_WARN_OBJC_ROOT_CLASS = YES_ERROR;
				CLANG_WARN_UNREACHABLE_CODE = YES;
				CLANG_WARN__DUPLICATE_METHOD_MATCH = YES;
				"CODE_SIGN_IDENTITY[sdk=iphoneos*]" = "iPhone Developer";
				COPY_PHASE_STRIP = NO;
				ENABLE_STRICT_OBJC_MSGSEND = YES;
				GCC_C_LANGUAGE_STANDARD = gnu99;
				GCC_DYNAMIC_NO_PIC = NO;
				GCC_OPTIMIZATION_LEVEL = 0;
				GCC_PREPROCESSOR_DEFINITIONS = (
					"DEBUG=1",
					"$(inherited)",
				);
				GCC_SYMBOLS_PRIVATE_EXTERN = NO;
				GCC_WARN_64_TO_32_BIT_CONVERSION = YES;
				GCC_WARN_ABOUT_RETURN_TYPE = YES_ERROR;
				GCC_WARN_UNDECLARED_SELECTOR = YES;
				GCC_WARN_UNINITIALIZED_AUTOS = YES_AGGRESSIVE;
				GCC_WARN_UNUSED_FUNCTION = YES;
				GCC_WARN_UNUSED_VARIABLE = YES;
				IPHONEOS_DEPLOYMENT_TARGET = 8.1;
				MTL_ENABLE_DEBUG_INFO = YES;
				ONLY_ACTIVE_ARCH = YES;
				SDKROOT = iphoneos;
			};
			name = Debug;
		};
		4C7F5DDC1A477A8E00909DF5 /* Release */ = {
			isa = XCBuildConfiguration;
			buildSettings = {
				ALWAYS_SEARCH_USER_PATHS = NO;
				CLANG_CXX_LANGUAGE_STANDARD = "gnu++0x";
				CLANG_CXX_LIBRARY = "libc++";
				CLANG_ENABLE_MODULES = YES;
				CLANG_ENABLE_OBJC_ARC = YES;
				CLANG_WARN_BOOL_CONVERSION = YES;
				CLANG_WARN_CONSTANT_CONVERSION = YES;
				CLANG_WARN_DIRECT_OBJC_ISA_USAGE = YES_ERROR;
				CLANG_WARN_EMPTY_BODY = YES;
				CLANG_WARN_ENUM_CONVERSION = YES;
				CLANG_WARN_INT_CONVERSION = YES;
				CLANG_WARN_OBJC_ROOT_CLASS = YES_ERROR;
				CLANG_WARN_UNREACHABLE_CODE = YES;
				CLANG_WARN__DUPLICATE_METHOD_MATCH = YES;
				"CODE_SIGN_IDENTITY[sdk=iphoneos*]" = "iPhone Developer";
				COPY_PHASE_STRIP = YES;
				ENABLE_NS_ASSERTIONS = NO;
				ENABLE_STRICT_OBJC_MSGSEND = YES;
				GCC_C_LANGUAGE_STANDARD = gnu99;
				GCC_WARN_64_TO_32_BIT_CONVERSION = YES;
				GCC_WARN_ABOUT_RETURN_TYPE = YES_ERROR;
				GCC_WARN_UNDECLARED_SELECTOR = YES;
				GCC_WARN_UNINITIALIZED_AUTOS = YES_AGGRESSIVE;
				GCC_WARN_UNUSED_FUNCTION = YES;
				GCC_WARN_UNUSED_VARIABLE = YES;
				IPHONEOS_DEPLOYMENT_TARGET = 8.1;
				MTL_ENABLE_DEBUG_INFO = NO;
				SDKROOT = iphoneos;
				VALIDATE_PRODUCT = YES;
			};
			name = Release;
		};
		4C7F5DDE1A477A8E00909DF5 /* Debug */ = {
			isa = XCBuildConfiguration;
			buildSettings = {
				ASSETCATALOG_COMPILER_APPICON_NAME = AppIcon;
				INFOPLIST_FILE = StudyBranch/Info.plist;
				LD_RUNPATH_SEARCH_PATHS = "$(inherited) @executable_path/Frameworks";
				PRODUCT_NAME = "$(TARGET_NAME)";
			};
			name = Debug;
		};
		4C7F5DDF1A477A8E00909DF5 /* Release */ = {
			isa = XCBuildConfiguration;
			buildSettings = {
				ASSETCATALOG_COMPILER_APPICON_NAME = AppIcon;
				INFOPLIST_FILE = StudyBranch/Info.plist;
				LD_RUNPATH_SEARCH_PATHS = "$(inherited) @executable_path/Frameworks";
				PRODUCT_NAME = "$(TARGET_NAME)";
			};
			name = Release;
		};
		4C7F5DE11A477A8E00909DF5 /* Debug */ = {
			isa = XCBuildConfiguration;
			buildSettings = {
				BUNDLE_LOADER = "$(TEST_HOST)";
				FRAMEWORK_SEARCH_PATHS = (
					"$(SDKROOT)/Developer/Library/Frameworks",
					"$(inherited)",
				);
				GCC_PREPROCESSOR_DEFINITIONS = (
					"DEBUG=1",
					"$(inherited)",
				);
				INFOPLIST_FILE = StudyBranchTests/Info.plist;
				LD_RUNPATH_SEARCH_PATHS = "$(inherited) @executable_path/Frameworks @loader_path/Frameworks";
				PRODUCT_NAME = "$(TARGET_NAME)";
				TEST_HOST = "$(BUILT_PRODUCTS_DIR)/StudyBranch.app/StudyBranch";
			};
			name = Debug;
		};
		4C7F5DE21A477A8E00909DF5 /* Release */ = {
			isa = XCBuildConfiguration;
			buildSettings = {
				BUNDLE_LOADER = "$(TEST_HOST)";
				FRAMEWORK_SEARCH_PATHS = (
					"$(SDKROOT)/Developer/Library/Frameworks",
					"$(inherited)",
				);
				INFOPLIST_FILE = StudyBranchTests/Info.plist;
				LD_RUNPATH_SEARCH_PATHS = "$(inherited) @executable_path/Frameworks @loader_path/Frameworks";
				PRODUCT_NAME = "$(TARGET_NAME)";
				TEST_HOST = "$(BUILT_PRODUCTS_DIR)/StudyBranch.app/StudyBranch";
			};
			name = Release;
		};
/* End XCBuildConfiguration section */

/* Begin XCConfigurationList section */
		4C7F5DAF1A477A8E00909DF5 /* Build configuration list for PBXProject "StudyBranch" */ = {
			isa = XCConfigurationList;
			buildConfigurations = (
				4C7F5DDB1A477A8E00909DF5 /* Debug */,
				4C7F5DDC1A477A8E00909DF5 /* Release */,
			);
			defaultConfigurationIsVisible = 0;
			defaultConfigurationName = Release;
		};
		4C7F5DDD1A477A8E00909DF5 /* Build configuration list for PBXNativeTarget "StudyBranch" */ = {
			isa = XCConfigurationList;
			buildConfigurations = (
				4C7F5DDE1A477A8E00909DF5 /* Debug */,
				4C7F5DDF1A477A8E00909DF5 /* Release */,
			);
			defaultConfigurationIsVisible = 0;
		};
		4C7F5DE01A477A8E00909DF5 /* Build configuration list for PBXNativeTarget "StudyBranchTests" */ = {
			isa = XCConfigurationList;
			buildConfigurations = (
				4C7F5DE11A477A8E00909DF5 /* Debug */,
				4C7F5DE21A477A8E00909DF5 /* Release */,
			);
			defaultConfigurationIsVisible = 0;
		};
/* End XCConfigurationList section */

/* Begin XCVersionGroup section */
		4C7F5DBE1A477A8E00909DF5 /* StudyBranch.xcdatamodeld */ = {
			isa = XCVersionGroup;
			children = (
				4C7F5DBF1A477A8E00909DF5 /* StudyBranch.xcdatamodel */,
			);
			currentVersion = 4C7F5DBF1A477A8E00909DF5 /* StudyBranch.xcdatamodel */;
			path = StudyBranch.xcdatamodeld;
			sourceTree = "<group>";
			versionGroupType = wrapper.xcdatamodel;
		};
/* End XCVersionGroup section */
	};
	rootObject = 4C7F5DAC1A477A8E00909DF5 /* Project object */;
}
